
Microsoft Visual Studio Solution File, Format Version 12.00
# Visual Studio Version 17
VisualStudioVersion = 17.8.34309.116
MinimumVisualStudioVersion = 10.0.40219.1
Project("{9A19103F-16F7-4668-BE54-9A1E7A4F7556}") = "11. 짝수와 홀수", "11. 짝수와 홀수\11. 짝수와 홀수.csproj", "{ADC98708-2DB6-4476-B4D1-06CCB746C38C}"
EndProject
Project("{9A19103F-16F7-4668-BE54-9A1E7A4F7556}") = "12. 평균 구하기", "12. 평균 구하기\12. 평균 구하기.csproj", "{23C5BEBB-CDCF-429E-93B1-44C315D68301}"
EndProject
Project("{9A19103F-16F7-4668-BE54-9A1E7A4F7556}") = "13. 자릿수 더하기", "13. 자릿수 더하기\13. 자릿수 더하기.csproj", "{008C202C-1817-454B-AACD-A122ED2E7A84}"
EndProject
Project("{9A19103F-16F7-4668-BE54-9A1E7A4F7556}") = "14. 약수의 합", "14. 약수의 합\14. 약수의 합.csproj", "{B8F9567B-D720-4130-B16A-079490DE9F6E}"
EndProject
Project("{9A19103F-16F7-4668-BE54-9A1E7A4F7556}") = "15. 나머지가 1이 되는 수 찾기", "15. 나머지가 1이 되는 수 찾기\15. 나머지가 1이 되는 수 찾기.csproj", "{D0F20D6E-33CB-454B-8B64-ACB1761F6246}"
EndProject
Project("{9A19103F-16F7-4668-BE54-9A1E7A4F7556}") = "1. 두 수의 차", "1. 두 수의 차\1. 두 수의 차.csproj", "{0A00BBFE-8094-4B48-B0EA-1337C7DC4091}"
EndProject
Project("{9A19103F-16F7-4668-BE54-9A1E7A4F7556}") = "2. 두 수의 곱", "2. 두 수의 곱\2. 두 수의 곱.csproj", "{89E7EFD1-57E7-4EF8-98DB-559AF98CA497}"
EndProject
Project("{9A19103F-16F7-4668-BE54-9A1E7A4F7556}") = "3. 몫 구하기", "3. 몫 구하기\3. 몫 구하기.csproj", "{40CB95AA-DA13-451A-970F-72E013BBD2BF}"
EndProject
Project("{9A19103F-16F7-4668-BE54-9A1E7A4F7556}") = "4. 나이 출력", "4. 나이 출력\4. 나이 출력.csproj", "{7CA049C7-865C-437F-B689-B149DBB1EA72}"
EndProject
Project("{9A19103F-16F7-4668-BE54-9A1E7A4F7556}") = "5. 숫자 비교하기", "5. 숫자 비교하기\5. 숫자 비교하기.csproj", "{0A02C883-3742-4FC5-98C3-0351C5E56A7F}"
EndProject
Project("{9A19103F-16F7-4668-BE54-9A1E7A4F7556}") = "6. 두 수의 합", "6. 두 수의 합\6. 두 수의 합.csproj", "{9801F2B4-2154-4B50-A1D7-2624BBED07CB}"
EndProject
Project("{9A19103F-16F7-4668-BE54-9A1E7A4F7556}") = "7. 두 수의 나눗셈", "7. 두 수의 나눗셈\7. 두 수의 나눗셈.csproj", "{D5161173-15EC-41CA-A3E7-13980895F4BA}"
EndProject
Project("{9A19103F-16F7-4668-BE54-9A1E7A4F7556}") = "8. 각도기", "8. 각도기\8. 각도기.csproj", "{EE52AEFB-ED4B-48C0-880C-15F20B68DC8F}"
EndProject
Project("{9A19103F-16F7-4668-BE54-9A1E7A4F7556}") = "9. 짝수의 합", "9. 짝수의 합\9. 짝수의 합.csproj", "{8395C819-6BAF-4009-B7DA-A6B15BD9EAF6}"
EndProject
Project("{9A19103F-16F7-4668-BE54-9A1E7A4F7556}") = "10. 배열의 평균", "10. 배열의 평균\10. 배열의 평균.csproj", "{C264205F-7B45-4F08-BC8F-33580008225B}"
EndProject
Project("{9A19103F-16F7-4668-BE54-9A1E7A4F7556}") = "16. x만큼 간격이 있는 n개의 숫자", "16. x만큼 간격이 있는 n개의 숫자\16. x만큼 간격이 있는 n개의 숫자.csproj", "{910B8B68-00C8-418D-9E44-ABCBC52B547F}"
EndProject
Project("{9A19103F-16F7-4668-BE54-9A1E7A4F7556}") = "17. 자연수 뒤집어 배열로 만들기", "17. 자연수 뒤집어 배열로 만들기\17. 자연수 뒤집어 배열로 만들기.csproj", "{283D8F15-D3B5-4F0B-B2C9-9EBD5D3604DE}"
EndProject
Project("{9A19103F-16F7-4668-BE54-9A1E7A4F7556}") = "18. 문자열을 정수로 바꾸기", "18. 문자열을 정수로 바꾸기\18. 문자열을 정수로 바꾸기.csproj", "{CD144752-F391-4B53-A50D-0A6803723A0E}"
EndProject
Project("{9A19103F-16F7-4668-BE54-9A1E7A4F7556}") = "19. 정수 제곱근 판별", "19. 정수 제곱근 판별\19. 정수 제곱근 판별.csproj", "{0BFF3800-ADF3-4EAA-8E75-78037CB63118}"
EndProject
Project("{9A19103F-16F7-4668-BE54-9A1E7A4F7556}") = "20. 정수 내림차순으로 배치하기", "20. 정수 내림차순으로 배치하기\20. 정수 내림차순으로 배치하기.csproj", "{E401353C-049D-4285-B5EA-C3502E83C790}"
EndProject
Project("{9A19103F-16F7-4668-BE54-9A1E7A4F7556}") = "21. 하샤드 수", "21. 하샤드 수\21. 하샤드 수.csproj", "{E3DCFD32-0822-4FB3-A4B7-09918A5B6488}"
EndProject
Project("{9A19103F-16F7-4668-BE54-9A1E7A4F7556}") = "22. 두 정수 사이의 합", "22. 두 정수 사이의 합\22. 두 정수 사이의 합.csproj", "{79AAF5DC-D3EE-4B74-A5C8-E4972AB9927E}"
EndProject
Project("{FAE04EC0-301F-11D3-BF4B-00C04F79EFBC}") = "23. 콜라츠 추측", "23. 콜라츠 추측\23. 콜라츠 추측.csproj", "{39701DBF-2DE0-4B20-889C-903D638A0BD0}"
EndProject
Project("{FAE04EC0-301F-11D3-BF4B-00C04F79EFBC}") = "24. 서울에서 김서방 찾기", "24. 서울에서 김서방 찾기\24. 서울에서 김서방 찾기.csproj", "{EF9EBD28-E2B2-468D-B3A6-CD0C55431675}"
EndProject
Project("{FAE04EC0-301F-11D3-BF4B-00C04F79EFBC}") = "25. 나누어 떨어지는 숫자 배열", "25. 나누어 떨어지는 숫자 배열\25. 나누어 떨어지는 숫자 배열.csproj", "{CCE840BF-0F37-43A7-A4E9-2CB2A58A759F}"
EndProject
Project("{FAE04EC0-301F-11D3-BF4B-00C04F79EFBC}") = "26. 음양 더하기", "26. 음양 더하기\26. 음양 더하기.csproj", "{81C0E764-AEE9-482A-A415-4DD26B1FF124}"
EndProject
Global
	GlobalSection(SolutionConfigurationPlatforms) = preSolution
		Debug|Any CPU = Debug|Any CPU
		Release|Any CPU = Release|Any CPU
	EndGlobalSection
	GlobalSection(ProjectConfigurationPlatforms) = postSolution
		{ADC98708-2DB6-4476-B4D1-06CCB746C38C}.Debug|Any CPU.ActiveCfg = Debug|Any CPU
		{ADC98708-2DB6-4476-B4D1-06CCB746C38C}.Debug|Any CPU.Build.0 = Debug|Any CPU
		{ADC98708-2DB6-4476-B4D1-06CCB746C38C}.Release|Any CPU.ActiveCfg = Release|Any CPU
		{ADC98708-2DB6-4476-B4D1-06CCB746C38C}.Release|Any CPU.Build.0 = Release|Any CPU
		{23C5BEBB-CDCF-429E-93B1-44C315D68301}.Debug|Any CPU.ActiveCfg = Debug|Any CPU
		{23C5BEBB-CDCF-429E-93B1-44C315D68301}.Debug|Any CPU.Build.0 = Debug|Any CPU
		{23C5BEBB-CDCF-429E-93B1-44C315D68301}.Release|Any CPU.ActiveCfg = Release|Any CPU
		{23C5BEBB-CDCF-429E-93B1-44C315D68301}.Release|Any CPU.Build.0 = Release|Any CPU
		{008C202C-1817-454B-AACD-A122ED2E7A84}.Debug|Any CPU.ActiveCfg = Debug|Any CPU
		{008C202C-1817-454B-AACD-A122ED2E7A84}.Debug|Any CPU.Build.0 = Debug|Any CPU
		{008C202C-1817-454B-AACD-A122ED2E7A84}.Release|Any CPU.ActiveCfg = Release|Any CPU
		{008C202C-1817-454B-AACD-A122ED2E7A84}.Release|Any CPU.Build.0 = Release|Any CPU
		{B8F9567B-D720-4130-B16A-079490DE9F6E}.Debug|Any CPU.ActiveCfg = Debug|Any CPU
		{B8F9567B-D720-4130-B16A-079490DE9F6E}.Debug|Any CPU.Build.0 = Debug|Any CPU
		{B8F9567B-D720-4130-B16A-079490DE9F6E}.Release|Any CPU.ActiveCfg = Release|Any CPU
		{B8F9567B-D720-4130-B16A-079490DE9F6E}.Release|Any CPU.Build.0 = Release|Any CPU
		{D0F20D6E-33CB-454B-8B64-ACB1761F6246}.Debug|Any CPU.ActiveCfg = Debug|Any CPU
		{D0F20D6E-33CB-454B-8B64-ACB1761F6246}.Debug|Any CPU.Build.0 = Debug|Any CPU
		{D0F20D6E-33CB-454B-8B64-ACB1761F6246}.Release|Any CPU.ActiveCfg = Release|Any CPU
		{D0F20D6E-33CB-454B-8B64-ACB1761F6246}.Release|Any CPU.Build.0 = Release|Any CPU
		{0A00BBFE-8094-4B48-B0EA-1337C7DC4091}.Debug|Any CPU.ActiveCfg = Debug|Any CPU
		{0A00BBFE-8094-4B48-B0EA-1337C7DC4091}.Debug|Any CPU.Build.0 = Debug|Any CPU
		{0A00BBFE-8094-4B48-B0EA-1337C7DC4091}.Release|Any CPU.ActiveCfg = Release|Any CPU
		{0A00BBFE-8094-4B48-B0EA-1337C7DC4091}.Release|Any CPU.Build.0 = Release|Any CPU
		{89E7EFD1-57E7-4EF8-98DB-559AF98CA497}.Debug|Any CPU.ActiveCfg = Debug|Any CPU
		{89E7EFD1-57E7-4EF8-98DB-559AF98CA497}.Debug|Any CPU.Build.0 = Debug|Any CPU
		{89E7EFD1-57E7-4EF8-98DB-559AF98CA497}.Release|Any CPU.ActiveCfg = Release|Any CPU
		{89E7EFD1-57E7-4EF8-98DB-559AF98CA497}.Release|Any CPU.Build.0 = Release|Any CPU
		{40CB95AA-DA13-451A-970F-72E013BBD2BF}.Debug|Any CPU.ActiveCfg = Debug|Any CPU
		{40CB95AA-DA13-451A-970F-72E013BBD2BF}.Debug|Any CPU.Build.0 = Debug|Any CPU
		{40CB95AA-DA13-451A-970F-72E013BBD2BF}.Release|Any CPU.ActiveCfg = Release|Any CPU
		{40CB95AA-DA13-451A-970F-72E013BBD2BF}.Release|Any CPU.Build.0 = Release|Any CPU
		{7CA049C7-865C-437F-B689-B149DBB1EA72}.Debug|Any CPU.ActiveCfg = Debug|Any CPU
		{7CA049C7-865C-437F-B689-B149DBB1EA72}.Debug|Any CPU.Build.0 = Debug|Any CPU
		{7CA049C7-865C-437F-B689-B149DBB1EA72}.Release|Any CPU.ActiveCfg = Release|Any CPU
		{7CA049C7-865C-437F-B689-B149DBB1EA72}.Release|Any CPU.Build.0 = Release|Any CPU
		{0A02C883-3742-4FC5-98C3-0351C5E56A7F}.Debug|Any CPU.ActiveCfg = Debug|Any CPU
		{0A02C883-3742-4FC5-98C3-0351C5E56A7F}.Debug|Any CPU.Build.0 = Debug|Any CPU
		{0A02C883-3742-4FC5-98C3-0351C5E56A7F}.Release|Any CPU.ActiveCfg = Release|Any CPU
		{0A02C883-3742-4FC5-98C3-0351C5E56A7F}.Release|Any CPU.Build.0 = Release|Any CPU
		{9801F2B4-2154-4B50-A1D7-2624BBED07CB}.Debug|Any CPU.ActiveCfg = Debug|Any CPU
		{9801F2B4-2154-4B50-A1D7-2624BBED07CB}.Debug|Any CPU.Build.0 = Debug|Any CPU
		{9801F2B4-2154-4B50-A1D7-2624BBED07CB}.Release|Any CPU.ActiveCfg = Release|Any CPU
		{9801F2B4-2154-4B50-A1D7-2624BBED07CB}.Release|Any CPU.Build.0 = Release|Any CPU
		{D5161173-15EC-41CA-A3E7-13980895F4BA}.Debug|Any CPU.ActiveCfg = Debug|Any CPU
		{D5161173-15EC-41CA-A3E7-13980895F4BA}.Debug|Any CPU.Build.0 = Debug|Any CPU
		{D5161173-15EC-41CA-A3E7-13980895F4BA}.Release|Any CPU.ActiveCfg = Release|Any CPU
		{D5161173-15EC-41CA-A3E7-13980895F4BA}.Release|Any CPU.Build.0 = Release|Any CPU
		{EE52AEFB-ED4B-48C0-880C-15F20B68DC8F}.Debug|Any CPU.ActiveCfg = Debug|Any CPU
		{EE52AEFB-ED4B-48C0-880C-15F20B68DC8F}.Debug|Any CPU.Build.0 = Debug|Any CPU
		{EE52AEFB-ED4B-48C0-880C-15F20B68DC8F}.Release|Any CPU.ActiveCfg = Release|Any CPU
		{EE52AEFB-ED4B-48C0-880C-15F20B68DC8F}.Release|Any CPU.Build.0 = Release|Any CPU
		{8395C819-6BAF-4009-B7DA-A6B15BD9EAF6}.Debug|Any CPU.ActiveCfg = Debug|Any CPU
		{8395C819-6BAF-4009-B7DA-A6B15BD9EAF6}.Debug|Any CPU.Build.0 = Debug|Any CPU
		{8395C819-6BAF-4009-B7DA-A6B15BD9EAF6}.Release|Any CPU.ActiveCfg = Release|Any CPU
		{8395C819-6BAF-4009-B7DA-A6B15BD9EAF6}.Release|Any CPU.Build.0 = Release|Any CPU
		{C264205F-7B45-4F08-BC8F-33580008225B}.Debug|Any CPU.ActiveCfg = Debug|Any CPU
		{C264205F-7B45-4F08-BC8F-33580008225B}.Debug|Any CPU.Build.0 = Debug|Any CPU
		{C264205F-7B45-4F08-BC8F-33580008225B}.Release|Any CPU.ActiveCfg = Release|Any CPU
		{C264205F-7B45-4F08-BC8F-33580008225B}.Release|Any CPU.Build.0 = Release|Any CPU
		{910B8B68-00C8-418D-9E44-ABCBC52B547F}.Debug|Any CPU.ActiveCfg = Debug|Any CPU
		{910B8B68-00C8-418D-9E44-ABCBC52B547F}.Debug|Any CPU.Build.0 = Debug|Any CPU
		{910B8B68-00C8-418D-9E44-ABCBC52B547F}.Release|Any CPU.ActiveCfg = Release|Any CPU
		{910B8B68-00C8-418D-9E44-ABCBC52B547F}.Release|Any CPU.Build.0 = Release|Any CPU
		{283D8F15-D3B5-4F0B-B2C9-9EBD5D3604DE}.Debug|Any CPU.ActiveCfg = Debug|Any CPU
		{283D8F15-D3B5-4F0B-B2C9-9EBD5D3604DE}.Debug|Any CPU.Build.0 = Debug|Any CPU
		{283D8F15-D3B5-4F0B-B2C9-9EBD5D3604DE}.Release|Any CPU.ActiveCfg = Release|Any CPU
		{283D8F15-D3B5-4F0B-B2C9-9EBD5D3604DE}.Release|Any CPU.Build.0 = Release|Any CPU
		{CD144752-F391-4B53-A50D-0A6803723A0E}.Debug|Any CPU.ActiveCfg = Debug|Any CPU
		{CD144752-F391-4B53-A50D-0A6803723A0E}.Debug|Any CPU.Build.0 = Debug|Any CPU
		{CD144752-F391-4B53-A50D-0A6803723A0E}.Release|Any CPU.ActiveCfg = Release|Any CPU
		{CD144752-F391-4B53-A50D-0A6803723A0E}.Release|Any CPU.Build.0 = Release|Any CPU
		{0BFF3800-ADF3-4EAA-8E75-78037CB63118}.Debug|Any CPU.ActiveCfg = Debug|Any CPU
		{0BFF3800-ADF3-4EAA-8E75-78037CB63118}.Debug|Any CPU.Build.0 = Debug|Any CPU
		{0BFF3800-ADF3-4EAA-8E75-78037CB63118}.Release|Any CPU.ActiveCfg = Release|Any CPU
		{0BFF3800-ADF3-4EAA-8E75-78037CB63118}.Release|Any CPU.Build.0 = Release|Any CPU
		{E401353C-049D-4285-B5EA-C3502E83C790}.Debug|Any CPU.ActiveCfg = Debug|Any CPU
		{E401353C-049D-4285-B5EA-C3502E83C790}.Debug|Any CPU.Build.0 = Debug|Any CPU
		{E401353C-049D-4285-B5EA-C3502E83C790}.Release|Any CPU.ActiveCfg = Release|Any CPU
		{E401353C-049D-4285-B5EA-C3502E83C790}.Release|Any CPU.Build.0 = Release|Any CPU
		{E3DCFD32-0822-4FB3-A4B7-09918A5B6488}.Debug|Any CPU.ActiveCfg = Debug|Any CPU
		{E3DCFD32-0822-4FB3-A4B7-09918A5B6488}.Debug|Any CPU.Build.0 = Debug|Any CPU
		{E3DCFD32-0822-4FB3-A4B7-09918A5B6488}.Release|Any CPU.ActiveCfg = Release|Any CPU
		{E3DCFD32-0822-4FB3-A4B7-09918A5B6488}.Release|Any CPU.Build.0 = Release|Any CPU
		{79AAF5DC-D3EE-4B74-A5C8-E4972AB9927E}.Debug|Any CPU.ActiveCfg = Debug|Any CPU
		{79AAF5DC-D3EE-4B74-A5C8-E4972AB9927E}.Debug|Any CPU.Build.0 = Debug|Any CPU
		{79AAF5DC-D3EE-4B74-A5C8-E4972AB9927E}.Release|Any CPU.ActiveCfg = Release|Any CPU
		{79AAF5DC-D3EE-4B74-A5C8-E4972AB9927E}.Release|Any CPU.Build.0 = Release|Any CPU
		{39701DBF-2DE0-4B20-889C-903D638A0BD0}.Debug|Any CPU.ActiveCfg = Debug|Any CPU
		{39701DBF-2DE0-4B20-889C-903D638A0BD0}.Debug|Any CPU.Build.0 = Debug|Any CPU
		{39701DBF-2DE0-4B20-889C-903D638A0BD0}.Release|Any CPU.ActiveCfg = Release|Any CPU
		{39701DBF-2DE0-4B20-889C-903D638A0BD0}.Release|Any CPU.Build.0 = Release|Any CPU
		{EF9EBD28-E2B2-468D-B3A6-CD0C55431675}.Debug|Any CPU.ActiveCfg = Debug|Any CPU
		{EF9EBD28-E2B2-468D-B3A6-CD0C55431675}.Debug|Any CPU.Build.0 = Debug|Any CPU
		{EF9EBD28-E2B2-468D-B3A6-CD0C55431675}.Release|Any CPU.ActiveCfg = Release|Any CPU
		{EF9EBD28-E2B2-468D-B3A6-CD0C55431675}.Release|Any CPU.Build.0 = Release|Any CPU
		{CCE840BF-0F37-43A7-A4E9-2CB2A58A759F}.Debug|Any CPU.ActiveCfg = Debug|Any CPU
		{CCE840BF-0F37-43A7-A4E9-2CB2A58A759F}.Debug|Any CPU.Build.0 = Debug|Any CPU
		{CCE840BF-0F37-43A7-A4E9-2CB2A58A759F}.Release|Any CPU.ActiveCfg = Release|Any CPU
		{CCE840BF-0F37-43A7-A4E9-2CB2A58A759F}.Release|Any CPU.Build.0 = Release|Any CPU
		{81C0E764-AEE9-482A-A415-4DD26B1FF124}.Debug|Any CPU.ActiveCfg = Debug|Any CPU
		{81C0E764-AEE9-482A-A415-4DD26B1FF124}.Debug|Any CPU.Build.0 = Debug|Any CPU
		{81C0E764-AEE9-482A-A415-4DD26B1FF124}.Release|Any CPU.ActiveCfg = Release|Any CPU
		{81C0E764-AEE9-482A-A415-4DD26B1FF124}.Release|Any CPU.Build.0 = Release|Any CPU
	EndGlobalSection
	GlobalSection(SolutionProperties) = preSolution
		HideSolutionNode = FALSE
	EndGlobalSection
	GlobalSection(ExtensibilityGlobals) = postSolution
		SolutionGuid = {A6C496AE-2CC5-4497-A54B-9B61B947F171}
	EndGlobalSection
EndGlobal
